# This file is generated by running "yarn install" inside your project.
# Manual changes might be lost - proceed with caution!

__metadata:
  version: 6
  cacheKey: 8

"@esbuild/android-arm64@npm:0.18.17":
  version: 0.18.17
  resolution: "@esbuild/android-arm64@npm:0.18.17"
  conditions: os=android & cpu=arm64
  languageName: node
  linkType: hard

"@esbuild/android-arm@npm:0.18.17":
  version: 0.18.17
  resolution: "@esbuild/android-arm@npm:0.18.17"
  conditions: os=android & cpu=arm
  languageName: node
  linkType: hard

"@esbuild/android-x64@npm:0.18.17":
  version: 0.18.17
  resolution: "@esbuild/android-x64@npm:0.18.17"
  conditions: os=android & cpu=x64
  languageName: node
  linkType: hard

"@esbuild/darwin-arm64@npm:0.18.17":
  version: 0.18.17
  resolution: "@esbuild/darwin-arm64@npm:0.18.17"
  conditions: os=darwin & cpu=arm64
  languageName: node
  linkType: hard

"@esbuild/darwin-x64@npm:0.18.17":
  version: 0.18.17
  resolution: "@esbuild/darwin-x64@npm:0.18.17"
  conditions: os=darwin & cpu=x64
  languageName: node
  linkType: hard

"@esbuild/freebsd-arm64@npm:0.18.17":
  version: 0.18.17
  resolution: "@esbuild/freebsd-arm64@npm:0.18.17"
  conditions: os=freebsd & cpu=arm64
  languageName: node
  linkType: hard

"@esbuild/freebsd-x64@npm:0.18.17":
  version: 0.18.17
  resolution: "@esbuild/freebsd-x64@npm:0.18.17"
  conditions: os=freebsd & cpu=x64
  languageName: node
  linkType: hard

"@esbuild/linux-arm64@npm:0.18.17":
  version: 0.18.17
  resolution: "@esbuild/linux-arm64@npm:0.18.17"
  conditions: os=linux & cpu=arm64
  languageName: node
  linkType: hard

"@esbuild/linux-arm@npm:0.18.17":
  version: 0.18.17
  resolution: "@esbuild/linux-arm@npm:0.18.17"
  conditions: os=linux & cpu=arm
  languageName: node
  linkType: hard

"@esbuild/linux-ia32@npm:0.18.17":
  version: 0.18.17
  resolution: "@esbuild/linux-ia32@npm:0.18.17"
  conditions: os=linux & cpu=ia32
  languageName: node
  linkType: hard

"@esbuild/linux-loong64@npm:0.18.17":
  version: 0.18.17
  resolution: "@esbuild/linux-loong64@npm:0.18.17"
  conditions: os=linux & cpu=loong64
  languageName: node
  linkType: hard

"@esbuild/linux-mips64el@npm:0.18.17":
  version: 0.18.17
  resolution: "@esbuild/linux-mips64el@npm:0.18.17"
  conditions: os=linux & cpu=mips64el
  languageName: node
  linkType: hard

"@esbuild/linux-ppc64@npm:0.18.17":
  version: 0.18.17
  resolution: "@esbuild/linux-ppc64@npm:0.18.17"
  conditions: os=linux & cpu=ppc64
  languageName: node
  linkType: hard

"@esbuild/linux-riscv64@npm:0.18.17":
  version: 0.18.17
  resolution: "@esbuild/linux-riscv64@npm:0.18.17"
  conditions: os=linux & cpu=riscv64
  languageName: node
  linkType: hard

"@esbuild/linux-s390x@npm:0.18.17":
  version: 0.18.17
  resolution: "@esbuild/linux-s390x@npm:0.18.17"
  conditions: os=linux & cpu=s390x
  languageName: node
  linkType: hard

"@esbuild/linux-x64@npm:0.18.17":
  version: 0.18.17
  resolution: "@esbuild/linux-x64@npm:0.18.17"
  conditions: os=linux & cpu=x64
  languageName: node
  linkType: hard

"@esbuild/netbsd-x64@npm:0.18.17":
  version: 0.18.17
  resolution: "@esbuild/netbsd-x64@npm:0.18.17"
  conditions: os=netbsd & cpu=x64
  languageName: node
  linkType: hard

"@esbuild/openbsd-x64@npm:0.18.17":
  version: 0.18.17
  resolution: "@esbuild/openbsd-x64@npm:0.18.17"
  conditions: os=openbsd & cpu=x64
  languageName: node
  linkType: hard

"@esbuild/sunos-x64@npm:0.18.17":
  version: 0.18.17
  resolution: "@esbuild/sunos-x64@npm:0.18.17"
  conditions: os=sunos & cpu=x64
  languageName: node
  linkType: hard

"@esbuild/win32-arm64@npm:0.18.17":
  version: 0.18.17
  resolution: "@esbuild/win32-arm64@npm:0.18.17"
  conditions: os=win32 & cpu=arm64
  languageName: node
  linkType: hard

"@esbuild/win32-ia32@npm:0.18.17":
  version: 0.18.17
  resolution: "@esbuild/win32-ia32@npm:0.18.17"
  conditions: os=win32 & cpu=ia32
  languageName: node
  linkType: hard

"@esbuild/win32-x64@npm:0.18.17":
  version: 0.18.17
  resolution: "@esbuild/win32-x64@npm:0.18.17"
  conditions: os=win32 & cpu=x64
  languageName: node
  linkType: hard

"@hotwired/stimulus-webpack-helpers@npm:^1.0.1":
  version: 1.0.1
  resolution: "@hotwired/stimulus-webpack-helpers@npm:1.0.1"
  peerDependencies:
    "@hotwired/stimulus": ">= 3.0"
  checksum: 68d833f74fb90f2993c7baed6e542880c23416a129b50cadc00571102c782f6bdc8c68742ecdd668cc702aa0fafd8888f91098ed7dc43c12b2212fe5969ef6cd
  languageName: node
  linkType: hard

"@hotwired/stimulus@npm:^3.2.1":
  version: 3.2.1
  resolution: "@hotwired/stimulus@npm:3.2.1"
  checksum: 2617b10fb3ca0fb05205526693cbc9ea17fca84f40d8d95d0ce8d58f903aa74e020da858adc72f056f777f4854bdd7f5ee6d69810ecb17412af43d6ffb78997e
  languageName: node
  linkType: hard

"@hotwired/turbo-rails@npm:^7.3.0":
  version: 7.3.0
  resolution: "@hotwired/turbo-rails@npm:7.3.0"
  dependencies:
    "@hotwired/turbo": ^7.3.0
    "@rails/actioncable": ^7.0
  checksum: 14e29fc7abcf966b652aaa5494398bd4a18559843d57fd5f6db785b3e1d2541c09fcbb979ccbf1dd8ab50d362558ac6bf52a97ce5dc2bbf503059793058b9e97
  languageName: node
  linkType: hard

"@hotwired/turbo@npm:^7.3.0":
  version: 7.3.0
  resolution: "@hotwired/turbo@npm:7.3.0"
  checksum: ccc03c980e4b4636e48ea2132c7d28be1be4f4e6123f63905fbf871e7647369b5c6ce53301443b218d7abf68fa4897eaf614254688108ed6ae303c5040241a97
  languageName: node
  linkType: hard

"@rails/actioncable@npm:^7.0, @rails/actioncable@npm:^7.0.6":
  version: 7.0.6
  resolution: "@rails/actioncable@npm:7.0.6"
  checksum: e05b67dbd6dc1317fb57efa171ca83dc19b8062223140ff3d4e12f5c1dee33a5ba82b96962dbe4359a038a9d8ba5cbb2cfd1f94c90226954a3524fe43b81e6a1
  languageName: node
  linkType: hard

"@types/prop-types@npm:*":
  version: 15.7.5
  resolution: "@types/prop-types@npm:15.7.5"
  checksum: 5b43b8b15415e1f298243165f1d44390403bb2bd42e662bca3b5b5633fdd39c938e91b7fce3a9483699db0f7a715d08cef220c121f723a634972fdf596aec980
  languageName: node
  linkType: hard

"@types/rails__actioncable@npm:^6.1.6":
  version: 6.1.6
  resolution: "@types/rails__actioncable@npm:6.1.6"
  checksum: 314aa04c5586a03dcaca75003cf031fd5ef549dfb4d5211be46253e67b1841b59f601e4c839b26b3376b11bb6803720bdf6496f61e377bafb49edd924dd0be6b
  languageName: node
  linkType: hard

"@types/react-dom@npm:^18.2.7":
  version: 18.2.7
  resolution: "@types/react-dom@npm:18.2.7"
  dependencies:
    "@types/react": "*"
  checksum: e02ea908289a7ad26053308248d2b87f6aeafd73d0e2de2a3d435947bcea0422599016ffd1c3e38ff36c42f5e1c87c7417f05b0a157e48649e4a02f21727d54f
  languageName: node
  linkType: hard

"@types/react@npm:*, @types/react@npm:^18.2.18":
  version: 18.2.18
  resolution: "@types/react@npm:18.2.18"
  dependencies:
    "@types/prop-types": "*"
    "@types/scheduler": "*"
    csstype: ^3.0.2
  checksum: 2e0d75de2b618e76780019e52478b1bec2b015a9187aea30f84518c0c3ddc639055bdfea50864aece937bad0cb0544d0100b80d30f5461e72fbc1c3c0be8b140
  languageName: node
  linkType: hard

"@types/scheduler@npm:*":
  version: 0.16.3
  resolution: "@types/scheduler@npm:0.16.3"
  checksum: 2b0aec39c24268e3ce938c5db2f2e77f5c3dd280e05c262d9c2fe7d890929e4632a6b8e94334017b66b45e4f92a5aa42ba3356640c2a1175fa37bef2f5200767
  languageName: node
  linkType: hard

"AskMyBook@workspace:.":
  version: 0.0.0-use.local
  resolution: "AskMyBook@workspace:."
  dependencies:
    "@hotwired/stimulus": ^3.2.1
    "@hotwired/stimulus-webpack-helpers": ^1.0.1
    "@hotwired/turbo-rails": ^7.3.0
    "@rails/actioncable": ^7.0.6
    "@types/rails__actioncable": ^6.1.6
    "@types/react": ^18.2.18
    "@types/react-dom": ^18.2.7
    esbuild: ^0.18.17
    react: ^18.2.0
    react-dom: ^18.2.0
    typescript: ^5.1.6
    watch: ^1.0.2
  languageName: unknown
  linkType: soft

"csstype@npm:^3.0.2":
  version: 3.1.2
  resolution: "csstype@npm:3.1.2"
  checksum: e1a52e6c25c1314d6beef5168da704ab29c5186b877c07d822bd0806717d9a265e8493a2e35ca7e68d0f5d472d43fac1cdce70fd79fd0853dff81f3028d857b5
  languageName: node
  linkType: hard

"esbuild@npm:^0.18.17":
  version: 0.18.17
  resolution: "esbuild@npm:0.18.17"
  dependencies:
    "@esbuild/android-arm": 0.18.17
    "@esbuild/android-arm64": 0.18.17
    "@esbuild/android-x64": 0.18.17
    "@esbuild/darwin-arm64": 0.18.17
    "@esbuild/darwin-x64": 0.18.17
    "@esbuild/freebsd-arm64": 0.18.17
    "@esbuild/freebsd-x64": 0.18.17
    "@esbuild/linux-arm": 0.18.17
    "@esbuild/linux-arm64": 0.18.17
    "@esbuild/linux-ia32": 0.18.17
    "@esbuild/linux-loong64": 0.18.17
    "@esbuild/linux-mips64el": 0.18.17
    "@esbuild/linux-ppc64": 0.18.17
    "@esbuild/linux-riscv64": 0.18.17
    "@esbuild/linux-s390x": 0.18.17
    "@esbuild/linux-x64": 0.18.17
    "@esbuild/netbsd-x64": 0.18.17
    "@esbuild/openbsd-x64": 0.18.17
    "@esbuild/sunos-x64": 0.18.17
    "@esbuild/win32-arm64": 0.18.17
    "@esbuild/win32-ia32": 0.18.17
    "@esbuild/win32-x64": 0.18.17
  dependenciesMeta:
    "@esbuild/android-arm":
      optional: true
    "@esbuild/android-arm64":
      optional: true
    "@esbuild/android-x64":
      optional: true
    "@esbuild/darwin-arm64":
      optional: true
    "@esbuild/darwin-x64":
      optional: true
    "@esbuild/freebsd-arm64":
      optional: true
    "@esbuild/freebsd-x64":
      optional: true
    "@esbuild/linux-arm":
      optional: true
    "@esbuild/linux-arm64":
      optional: true
    "@esbuild/linux-ia32":
      optional: true
    "@esbuild/linux-loong64":
      optional: true
    "@esbuild/linux-mips64el":
      optional: true
    "@esbuild/linux-ppc64":
      optional: true
    "@esbuild/linux-riscv64":
      optional: true
    "@esbuild/linux-s390x":
      optional: true
    "@esbuild/linux-x64":
      optional: true
    "@esbuild/netbsd-x64":
      optional: true
    "@esbuild/openbsd-x64":
      optional: true
    "@esbuild/sunos-x64":
      optional: true
    "@esbuild/win32-arm64":
      optional: true
    "@esbuild/win32-ia32":
      optional: true
    "@esbuild/win32-x64":
      optional: true
  bin:
    esbuild: bin/esbuild
  checksum: c6e1ffa776978a45697763a07ec9b16411db3d3b3997b2c4a0165a211727fce8b63b87165a28d8ef60d3a28b98197bbbc2833e51b89888a4437e0a483dffc8ff
  languageName: node
  linkType: hard

"exec-sh@npm:^0.2.0":
  version: 0.2.2
  resolution: "exec-sh@npm:0.2.2"
  dependencies:
    merge: ^1.2.0
  checksum: 3ec5f99c8f7c4bebfeed1a797818f8754de00415d60a99f327e7f970834ca85252c449bf4b2efbff4c11e76eccc6b976a1956a5394a612d8e3d412185f59b0c0
  languageName: node
  linkType: hard

"js-tokens@npm:^3.0.0 || ^4.0.0":
  version: 4.0.0
  resolution: "js-tokens@npm:4.0.0"
  checksum: 8a95213a5a77deb6cbe94d86340e8d9ace2b93bc367790b260101d2f36a2eaf4e4e22d9fa9cf459b38af3a32fb4190e638024cf82ec95ef708680e405ea7cc78
  languageName: node
  linkType: hard

"loose-envify@npm:^1.1.0":
  version: 1.4.0
  resolution: "loose-envify@npm:1.4.0"
  dependencies:
    js-tokens: ^3.0.0 || ^4.0.0
  bin:
    loose-envify: cli.js
  checksum: 6517e24e0cad87ec9888f500c5b5947032cdfe6ef65e1c1936a0c48a524b81e65542c9c3edc91c97d5bddc806ee2a985dbc79be89215d613b1de5db6d1cfe6f4
  languageName: node
  linkType: hard

"merge@npm:^1.2.0":
  version: 1.2.1
  resolution: "merge@npm:1.2.1"
  checksum: 2298c4fdcf64561f320b92338681f7ffcafafb579a6e294066ae3e7bd10ae25df363903d2f028072733b9f79a1f75d2b999aef98ad5d73de13641da39cda0913
  languageName: node
  linkType: hard

"minimist@npm:^1.2.0":
  version: 1.2.8
  resolution: "minimist@npm:1.2.8"
  checksum: 75a6d645fb122dad29c06a7597bddea977258957ed88d7a6df59b5cd3fe4a527e253e9bbf2e783e4b73657f9098b96a5fe96ab8a113655d4109108577ecf85b0
  languageName: node
  linkType: hard

"react-dom@npm:^18.2.0":
  version: 18.2.0
  resolution: "react-dom@npm:18.2.0"
  dependencies:
    loose-envify: ^1.1.0
    scheduler: ^0.23.0
  peerDependencies:
    react: ^18.2.0
  checksum: 7d323310bea3a91be2965f9468d552f201b1c27891e45ddc2d6b8f717680c95a75ae0bc1e3f5cf41472446a2589a75aed4483aee8169287909fcd59ad149e8cc
  languageName: node
  linkType: hard

"react@npm:^18.2.0":
  version: 18.2.0
  resolution: "react@npm:18.2.0"
  dependencies:
    loose-envify: ^1.1.0
  checksum: 88e38092da8839b830cda6feef2e8505dec8ace60579e46aa5490fc3dc9bba0bd50336507dc166f43e3afc1c42939c09fe33b25fae889d6f402721dcd78fca1b
  languageName: node
  linkType: hard

"scheduler@npm:^0.23.0":
  version: 0.23.0
  resolution: "scheduler@npm:0.23.0"
  dependencies:
    loose-envify: ^1.1.0
  checksum: d79192eeaa12abef860c195ea45d37cbf2bbf5f66e3c4dcd16f54a7da53b17788a70d109ee3d3dde1a0fd50e6a8fc171f4300356c5aee4fc0171de526bf35f8a
  languageName: node
  linkType: hard

"typescript@npm:^5.1.6":
  version: 5.1.6
  resolution: "typescript@npm:5.1.6"
  bin:
    tsc: bin/tsc
    tsserver: bin/tsserver
  checksum: b2f2c35096035fe1f5facd1e38922ccb8558996331405eb00a5111cc948b2e733163cc22fab5db46992aba7dd520fff637f2c1df4996ff0e134e77d3249a7350
  languageName: node
  linkType: hard

"typescript@patch:typescript@^5.1.6#~builtin<compat/typescript>":
  version: 5.1.6
  resolution: "typescript@patch:typescript@npm%3A5.1.6#~builtin<compat/typescript>::version=5.1.6&hash=ad5954"
  bin:
    tsc: bin/tsc
    tsserver: bin/tsserver
  checksum: 21e88b0a0c0226f9cb9fd25b9626fb05b4c0f3fddac521844a13e1f30beb8f14e90bd409a9ac43c812c5946d714d6e0dee12d5d02dfc1c562c5aacfa1f49b606
  languageName: node
  linkType: hard

"watch@npm:^1.0.2":
  version: 1.0.2
  resolution: "watch@npm:1.0.2"
  dependencies:
    exec-sh: ^0.2.0
    minimist: ^1.2.0
  bin:
    watch: ./cli.js
  checksum: 7ffe99f8bdbd3311d84bdd80d90e74536da90d6b64b339a73dce57884c50527881b83e507e49ab85212682350791999c296fbf2a136b579530046fb97ffb9526
  languageName: node
  linkType: hard
